
Microsoft Visual Studio Solution File, Format Version 12.00
# Visual Studio Version 16
VisualStudioVersion = 16.0.29306.81
MinimumVisualStudioVersion = 10.0.40219.1
Project("{FAE04EC0-301F-11D3-BF4B-00C04F79EFBC}") = "hajlev_1109", "hajlev_1109\hajlev_1109.csproj", "{F43BBB08-ED86-4125-B564-171F75507536}"
EndProject
Global
	GlobalSection(SolutionConfigurationPlatforms) = preSolution
		Debug|Any CPU = Debug|Any CPU
		Release|Any CPU = Release|Any CPU
	EndGlobalSection
	GlobalSection(ProjectConfigurationPlatforms) = postSolution
		{F43BBB08-ED86-4125-B564-171F75507536}.Debug|Any CPU.ActiveCfg = Debug|Any CPU
		{F43BBB08-ED86-4125-B564-171F75507536}.Debug|Any CPU.Build.0 = Debug|Any CPU
		{F43BBB08-ED86-4125-B564-171F75507536}.Release|Any CPU.ActiveCfg = Release|Any CPU
		{F43BBB08-ED86-4125-B564-171F75507536}.Release|Any CPU.Build.0 = Release|Any CPU
	EndGlobalSection
	GlobalSection(SolutionProperties) = preSolution
		HideSolutionNode = FALSE
	EndGlobalSection
	GlobalSection(ExtensibilityGlobals) = postSolution
		SolutionGuid = {80F305A6-067A-4612-8BFC-4B176B84F17E}
	EndGlobalSection
EndGlobal
